
Microsoft Visual Studio Solution File, Format Version 12.00
# Visual Studio Version 16
VisualStudioVersion = 16.0.29728.190
MinimumVisualStudioVersion = 10.0.40219.1
Project("{2150E333-8FDC-42A3-9474-1A3956D46DE8}") = "Solution Items", "Solution Items", "{46584E90-4894-4EB7-A0B9-FDAF29B4AF8B}"
	ProjectSection(SolutionItems) = preProject
		CONTRIBUTING.md = CONTRIBUTING.md
		README.md = README.md
	EndProjectSection
EndProject
Project("{2150E333-8FDC-42A3-9474-1A3956D46DE8}") = "1. Host", "1. Host", "{29F2B8E1-BBEF-47B9-B0AC-CD31E67D7977}"
EndProject
Project("{9A19103F-16F7-4668-BE54-9A1E7A4F7556}") = "RedditSharp.Web", "src\RedditSharp.Web\RedditSharp.Web.csproj", "{71EC6545-1C9C-4F34-814D-76272171858A}"
EndProject
Project("{2150E333-8FDC-42A3-9474-1A3956D46DE8}") = "9. Tests", "9. Tests", "{616B085F-DC9A-4701-B868-1CE1B78192C7}"
EndProject
Project("{9A19103F-16F7-4668-BE54-9A1E7A4F7556}") = "RedditSharp.Tests", "tests\RedditSharp.Tests\RedditSharp.Tests.csproj", "{A2651FB7-774E-414F-9F4E-8CC65E822A63}"
EndProject
Project("{2150E333-8FDC-42A3-9474-1A3956D46DE8}") = "3. Shared", "3. Shared", "{1F0F3F24-AED8-4F0A-8D35-A742FAD926E8}"
EndProject
Project("{9A19103F-16F7-4668-BE54-9A1E7A4F7556}") = "RedditSharp", "src\RedditSharp\RedditSharp.csproj", "{6B20782F-8A65-43A1-AAF7-924F8D09A8FC}"
EndProject
Global
	GlobalSection(SolutionConfigurationPlatforms) = preSolution
		Debug|Any CPU = Debug|Any CPU
		Debug|Mixed Platforms = Debug|Mixed Platforms
		Debug|x86 = Debug|x86
		Release|Any CPU = Release|Any CPU
		Release|Mixed Platforms = Release|Mixed Platforms
		Release|x86 = Release|x86
	EndGlobalSection
	GlobalSection(ProjectConfigurationPlatforms) = postSolution
		{71EC6545-1C9C-4F34-814D-76272171858A}.Debug|Any CPU.ActiveCfg = Debug|Any CPU
		{71EC6545-1C9C-4F34-814D-76272171858A}.Debug|Any CPU.Build.0 = Debug|Any CPU
		{71EC6545-1C9C-4F34-814D-76272171858A}.Debug|Mixed Platforms.ActiveCfg = Debug|Any CPU
		{71EC6545-1C9C-4F34-814D-76272171858A}.Debug|Mixed Platforms.Build.0 = Debug|Any CPU
		{71EC6545-1C9C-4F34-814D-76272171858A}.Debug|x86.ActiveCfg = Debug|Any CPU
		{71EC6545-1C9C-4F34-814D-76272171858A}.Debug|x86.Build.0 = Debug|Any CPU
		{71EC6545-1C9C-4F34-814D-76272171858A}.Release|Any CPU.ActiveCfg = Release|Any CPU
		{71EC6545-1C9C-4F34-814D-76272171858A}.Release|Any CPU.Build.0 = Release|Any CPU
		{71EC6545-1C9C-4F34-814D-76272171858A}.Release|Mixed Platforms.ActiveCfg = Release|Any CPU
		{71EC6545-1C9C-4F34-814D-76272171858A}.Release|Mixed Platforms.Build.0 = Release|Any CPU
		{71EC6545-1C9C-4F34-814D-76272171858A}.Release|x86.ActiveCfg = Release|Any CPU
		{71EC6545-1C9C-4F34-814D-76272171858A}.Release|x86.Build.0 = Release|Any CPU
		{A2651FB7-774E-414F-9F4E-8CC65E822A63}.Debug|Any CPU.ActiveCfg = Debug|Any CPU
		{A2651FB7-774E-414F-9F4E-8CC65E822A63}.Debug|Any CPU.Build.0 = Debug|Any CPU
		{A2651FB7-774E-414F-9F4E-8CC65E822A63}.Debug|Mixed Platforms.ActiveCfg = Debug|Any CPU
		{A2651FB7-774E-414F-9F4E-8CC65E822A63}.Debug|Mixed Platforms.Build.0 = Debug|Any CPU
		{A2651FB7-774E-414F-9F4E-8CC65E822A63}.Debug|x86.ActiveCfg = Debug|Any CPU
		{A2651FB7-774E-414F-9F4E-8CC65E822A63}.Debug|x86.Build.0 = Debug|Any CPU
		{A2651FB7-774E-414F-9F4E-8CC65E822A63}.Release|Any CPU.ActiveCfg = Release|Any CPU
		{A2651FB7-774E-414F-9F4E-8CC65E822A63}.Release|Any CPU.Build.0 = Release|Any CPU
		{A2651FB7-774E-414F-9F4E-8CC65E822A63}.Release|Mixed Platforms.ActiveCfg = Release|Any CPU
		{A2651FB7-774E-414F-9F4E-8CC65E822A63}.Release|Mixed Platforms.Build.0 = Release|Any CPU
		{A2651FB7-774E-414F-9F4E-8CC65E822A63}.Release|x86.ActiveCfg = Release|Any CPU
		{A2651FB7-774E-414F-9F4E-8CC65E822A63}.Release|x86.Build.0 = Release|Any CPU
		{6B20782F-8A65-43A1-AAF7-924F8D09A8FC}.Debug|Any CPU.ActiveCfg = Debug|Any CPU
		{6B20782F-8A65-43A1-AAF7-924F8D09A8FC}.Debug|Any CPU.Build.0 = Debug|Any CPU
		{6B20782F-8A65-43A1-AAF7-924F8D09A8FC}.Debug|Mixed Platforms.ActiveCfg = Debug|Any CPU
		{6B20782F-8A65-43A1-AAF7-924F8D09A8FC}.Debug|Mixed Platforms.Build.0 = Debug|Any CPU
		{6B20782F-8A65-43A1-AAF7-924F8D09A8FC}.Debug|x86.ActiveCfg = Debug|Any CPU
		{6B20782F-8A65-43A1-AAF7-924F8D09A8FC}.Debug|x86.Build.0 = Debug|Any CPU
		{6B20782F-8A65-43A1-AAF7-924F8D09A8FC}.Release|Any CPU.ActiveCfg = Release|Any CPU
		{6B20782F-8A65-43A1-AAF7-924F8D09A8FC}.Release|Any CPU.Build.0 = Release|Any CPU
		{6B20782F-8A65-43A1-AAF7-924F8D09A8FC}.Release|Mixed Platforms.ActiveCfg = Release|Any CPU
		{6B20782F-8A65-43A1-AAF7-924F8D09A8FC}.Release|Mixed Platforms.Build.0 = Release|Any CPU
		{6B20782F-8A65-43A1-AAF7-924F8D09A8FC}.Release|x86.ActiveCfg = Release|Any CPU
		{6B20782F-8A65-43A1-AAF7-924F8D09A8FC}.Release|x86.Build.0 = Release|Any CPU
	EndGlobalSection
	GlobalSection(SolutionProperties) = preSolution
		HideSolutionNode = FALSE
	EndGlobalSection
	GlobalSection(NestedProjects) = preSolution
		{71EC6545-1C9C-4F34-814D-76272171858A} = {29F2B8E1-BBEF-47B9-B0AC-CD31E67D7977}
		{A2651FB7-774E-414F-9F4E-8CC65E822A63} = {616B085F-DC9A-4701-B868-1CE1B78192C7}
		{6B20782F-8A65-43A1-AAF7-924F8D09A8FC} = {1F0F3F24-AED8-4F0A-8D35-A742FAD926E8}
	EndGlobalSection
	GlobalSection(ExtensibilityGlobals) = postSolution
		SolutionGuid = {514A772A-D1DB-4442-8346-DA11C175CF80}
	EndGlobalSection
	GlobalSection(MonoDevelopProperties) = preSolution
		StartupItem = TestRedditSharp\TestRedditSharp.csproj
	EndGlobalSection
EndGlobal
